
Microsoft Visual Studio Solution File, Format Version 12.00
# Visual Studio 15
VisualStudioVersion = 15.0.26228.4
MinimumVisualStudioVersion = 10.0.40219.1
Project("{2150E333-8FDC-42A3-9474-1A3956D46DE8}") = "ServerIOInterface", "ServerIOInterface", "{7161757D-52A6-4151-905E-DF796373C80A}"
EndProject
Project("{FAE04EC0-301F-11D3-BF4B-00C04F79EFBC}") = "HttpWebServer.Console", "HttpWebServer.Console\HttpWebServer.Console.csproj", "{4D468965-FC49-462B-935D-C4304919637A}"
EndProject
Project("{2150E333-8FDC-42A3-9474-1A3956D46DE8}") = "Classes", "Classes", "{52ACB3C8-4A21-4736-AFC1-0201003F51E7}"
EndProject
Project("{2150E333-8FDC-42A3-9474-1A3956D46DE8}") = "Interfaces", "Interfaces", "{5C6C72D0-C5CC-48F7-9F30-43A236753D70}"
EndProject
Project("{FAE04EC0-301F-11D3-BF4B-00C04F79EFBC}") = "HttpWebServer.Interfaces", "HttpWebServer.Interfaces\HttpWebServer.Interfaces.csproj", "{899E5837-95B6-4BFF-A446-379751FC0B99}"
EndProject
Project("{FAE04EC0-301F-11D3-BF4B-00C04F79EFBC}") = "HttpWebServer.Classes", "HttpWebServer.Classes\HttpWebServer.Classes.csproj", "{121780CE-DBF6-4C45-BB0F-D94345829115}"
EndProject
Project("{2150E333-8FDC-42A3-9474-1A3956D46DE8}") = "Shared", "Shared", "{7A401ED7-2280-4ABB-91AF-056523EE46B8}"
EndProject
Project("{FAE04EC0-301F-11D3-BF4B-00C04F79EFBC}") = "HttpWebServer.Shared.Enums", "HttpWebServer.Shared.Enums\HttpWebServer.Shared.Enums.csproj", "{BC65C54D-892C-4670-B405-C5A31533D5B1}"
EndProject
Project("{FAE04EC0-301F-11D3-BF4B-00C04F79EFBC}") = "HttpWebServer.Shared", "HttpWebServer.Shared\HttpWebServer.Shared.csproj", "{B5E670BA-8717-426B-ACA0-A4FD813B3994}"
EndProject
Global
	GlobalSection(SolutionConfigurationPlatforms) = preSolution
		Debug|Any CPU = Debug|Any CPU
		Release|Any CPU = Release|Any CPU
	EndGlobalSection
	GlobalSection(ProjectConfigurationPlatforms) = postSolution
		{4D468965-FC49-462B-935D-C4304919637A}.Debug|Any CPU.ActiveCfg = Debug|Any CPU
		{4D468965-FC49-462B-935D-C4304919637A}.Debug|Any CPU.Build.0 = Debug|Any CPU
		{4D468965-FC49-462B-935D-C4304919637A}.Release|Any CPU.ActiveCfg = Release|Any CPU
		{4D468965-FC49-462B-935D-C4304919637A}.Release|Any CPU.Build.0 = Release|Any CPU
		{899E5837-95B6-4BFF-A446-379751FC0B99}.Debug|Any CPU.ActiveCfg = Debug|Any CPU
		{899E5837-95B6-4BFF-A446-379751FC0B99}.Debug|Any CPU.Build.0 = Debug|Any CPU
		{899E5837-95B6-4BFF-A446-379751FC0B99}.Release|Any CPU.ActiveCfg = Release|Any CPU
		{899E5837-95B6-4BFF-A446-379751FC0B99}.Release|Any CPU.Build.0 = Release|Any CPU
		{121780CE-DBF6-4C45-BB0F-D94345829115}.Debug|Any CPU.ActiveCfg = Debug|Any CPU
		{121780CE-DBF6-4C45-BB0F-D94345829115}.Debug|Any CPU.Build.0 = Debug|Any CPU
		{121780CE-DBF6-4C45-BB0F-D94345829115}.Release|Any CPU.ActiveCfg = Release|Any CPU
		{121780CE-DBF6-4C45-BB0F-D94345829115}.Release|Any CPU.Build.0 = Release|Any CPU
		{BC65C54D-892C-4670-B405-C5A31533D5B1}.Debug|Any CPU.ActiveCfg = Debug|Any CPU
		{BC65C54D-892C-4670-B405-C5A31533D5B1}.Debug|Any CPU.Build.0 = Debug|Any CPU
		{BC65C54D-892C-4670-B405-C5A31533D5B1}.Release|Any CPU.ActiveCfg = Release|Any CPU
		{BC65C54D-892C-4670-B405-C5A31533D5B1}.Release|Any CPU.Build.0 = Release|Any CPU
		{B5E670BA-8717-426B-ACA0-A4FD813B3994}.Debug|Any CPU.ActiveCfg = Debug|Any CPU
		{B5E670BA-8717-426B-ACA0-A4FD813B3994}.Debug|Any CPU.Build.0 = Debug|Any CPU
		{B5E670BA-8717-426B-ACA0-A4FD813B3994}.Release|Any CPU.ActiveCfg = Release|Any CPU
		{B5E670BA-8717-426B-ACA0-A4FD813B3994}.Release|Any CPU.Build.0 = Release|Any CPU
	EndGlobalSection
	GlobalSection(SolutionProperties) = preSolution
		HideSolutionNode = FALSE
	EndGlobalSection
	GlobalSection(NestedProjects) = preSolution
		{4D468965-FC49-462B-935D-C4304919637A} = {7161757D-52A6-4151-905E-DF796373C80A}
		{899E5837-95B6-4BFF-A446-379751FC0B99} = {5C6C72D0-C5CC-48F7-9F30-43A236753D70}
		{121780CE-DBF6-4C45-BB0F-D94345829115} = {52ACB3C8-4A21-4736-AFC1-0201003F51E7}
		{BC65C54D-892C-4670-B405-C5A31533D5B1} = {7A401ED7-2280-4ABB-91AF-056523EE46B8}
		{B5E670BA-8717-426B-ACA0-A4FD813B3994} = {7A401ED7-2280-4ABB-91AF-056523EE46B8}
	EndGlobalSection
EndGlobal
