
Microsoft Visual Studio Solution File, Format Version 12.00
# Visual Studio 15
VisualStudioVersion = 15.0.26228.4
MinimumVisualStudioVersion = 10.0.40219.1
Project("{2150E333-8FDC-42A3-9474-1A3956D46DE8}") = "Classes", "Classes", "{52ACB3C8-4A21-4736-AFC1-0201003F51E7}"
EndProject
Project("{2150E333-8FDC-42A3-9474-1A3956D46DE8}") = "Interfaces", "Interfaces", "{5C6C72D0-C5CC-48F7-9F30-43A236753D70}"
EndProject
Project("{FAE04EC0-301F-11D3-BF4B-00C04F79EFBC}") = "HttpWebServer.Interfaces", "HttpWebServer.Interfaces\HttpWebServer.Interfaces.csproj", "{899E5837-95B6-4BFF-A446-379751FC0B99}"
EndProject
Project("{FAE04EC0-301F-11D3-BF4B-00C04F79EFBC}") = "HttpWebServer.Classes", "HttpWebServer.Classes\HttpWebServer.Classes.csproj", "{121780CE-DBF6-4C45-BB0F-D94345829115}"
EndProject
Project("{2150E333-8FDC-42A3-9474-1A3956D46DE8}") = "Shared", "Shared", "{972899FA-3E7F-4653-AFBF-F8A0D37A3E74}"
EndProject
Project("{FAE04EC0-301F-11D3-BF4B-00C04F79EFBC}") = "HttpWebServer.Shared", "HttpWebServer.Shared\HttpWebServer.Shared.csproj", "{2219B734-B903-4388-92AE-74473E68ECEC}"
EndProject
Project("{2150E333-8FDC-42A3-9474-1A3956D46DE8}") = "GUI", "GUI", "{296E5A51-A122-4696-A91E-CAF292E047FC}"
EndProject
Project("{FAE04EC0-301F-11D3-BF4B-00C04F79EFBC}") = "HttpWebServer.GUI", "HttpWebServer.GUI\HttpWebServer.GUI.csproj", "{08025744-9E2C-4CC6-928F-9A3CEAC532C4}"
EndProject
Global
	GlobalSection(SolutionConfigurationPlatforms) = preSolution
		Debug|Any CPU = Debug|Any CPU
		Release|Any CPU = Release|Any CPU
	EndGlobalSection
	GlobalSection(ProjectConfigurationPlatforms) = postSolution
		{899E5837-95B6-4BFF-A446-379751FC0B99}.Debug|Any CPU.ActiveCfg = Debug|Any CPU
		{899E5837-95B6-4BFF-A446-379751FC0B99}.Debug|Any CPU.Build.0 = Debug|Any CPU
		{899E5837-95B6-4BFF-A446-379751FC0B99}.Release|Any CPU.ActiveCfg = Release|Any CPU
		{899E5837-95B6-4BFF-A446-379751FC0B99}.Release|Any CPU.Build.0 = Release|Any CPU
		{121780CE-DBF6-4C45-BB0F-D94345829115}.Debug|Any CPU.ActiveCfg = Debug|Any CPU
		{121780CE-DBF6-4C45-BB0F-D94345829115}.Debug|Any CPU.Build.0 = Debug|Any CPU
		{121780CE-DBF6-4C45-BB0F-D94345829115}.Release|Any CPU.ActiveCfg = Release|Any CPU
		{121780CE-DBF6-4C45-BB0F-D94345829115}.Release|Any CPU.Build.0 = Release|Any CPU
		{2219B734-B903-4388-92AE-74473E68ECEC}.Debug|Any CPU.ActiveCfg = Debug|Any CPU
		{2219B734-B903-4388-92AE-74473E68ECEC}.Debug|Any CPU.Build.0 = Debug|Any CPU
		{2219B734-B903-4388-92AE-74473E68ECEC}.Release|Any CPU.ActiveCfg = Release|Any CPU
		{2219B734-B903-4388-92AE-74473E68ECEC}.Release|Any CPU.Build.0 = Release|Any CPU
		{08025744-9E2C-4CC6-928F-9A3CEAC532C4}.Debug|Any CPU.ActiveCfg = Debug|Any CPU
		{08025744-9E2C-4CC6-928F-9A3CEAC532C4}.Debug|Any CPU.Build.0 = Debug|Any CPU
		{08025744-9E2C-4CC6-928F-9A3CEAC532C4}.Release|Any CPU.ActiveCfg = Release|Any CPU
		{08025744-9E2C-4CC6-928F-9A3CEAC532C4}.Release|Any CPU.Build.0 = Release|Any CPU
	EndGlobalSection
	GlobalSection(SolutionProperties) = preSolution
		HideSolutionNode = FALSE
	EndGlobalSection
	GlobalSection(NestedProjects) = preSolution
		{899E5837-95B6-4BFF-A446-379751FC0B99} = {5C6C72D0-C5CC-48F7-9F30-43A236753D70}
		{121780CE-DBF6-4C45-BB0F-D94345829115} = {52ACB3C8-4A21-4736-AFC1-0201003F51E7}
		{2219B734-B903-4388-92AE-74473E68ECEC} = {972899FA-3E7F-4653-AFBF-F8A0D37A3E74}
		{08025744-9E2C-4CC6-928F-9A3CEAC532C4} = {296E5A51-A122-4696-A91E-CAF292E047FC}
	EndGlobalSection
EndGlobal
